
Microsoft Visual Studio Solution File, Format Version 12.00
# Visual Studio Version 17
VisualStudioVersion = 17.8.34316.72
MinimumVisualStudioVersion = 10.0.40219.1
Project("{8BC9CEB8-8B4A-11D0-8D11-00A0C91BC942}") = "Console_Game", "Console_Game\Console_Game.vcxproj", "{19295DFC-03FF-468B-AFA6-FB4FDC5F01C0}"
EndProject
Global
	GlobalSection(SolutionConfigurationPlatforms) = preSolution
		Debug|x64 = Debug|x64
		Debug|x86 = Debug|x86
		Release|x64 = Release|x64
		Release|x86 = Release|x86
	EndGlobalSection
	GlobalSection(ProjectConfigurationPlatforms) = postSolution
		{19295DFC-03FF-468B-AFA6-FB4FDC5F01C0}.Debug|x64.ActiveCfg = Debug|x64
		{19295DFC-03FF-468B-AFA6-FB4FDC5F01C0}.Debug|x64.Build.0 = Debug|x64
		{19295DFC-03FF-468B-AFA6-FB4FDC5F01C0}.Debug|x86.ActiveCfg = Debug|Win32
		{19295DFC-03FF-468B-AFA6-FB4FDC5F01C0}.Debug|x86.Build.0 = Debug|Win32
		{19295DFC-03FF-468B-AFA6-FB4FDC5F01C0}.Release|x64.ActiveCfg = Release|x64
		{19295DFC-03FF-468B-AFA6-FB4FDC5F01C0}.Release|x64.Build.0 = Release|x64
		{19295DFC-03FF-468B-AFA6-FB4FDC5F01C0}.Release|x86.ActiveCfg = Release|Win32
		{19295DFC-03FF-468B-AFA6-FB4FDC5F01C0}.Release|x86.Build.0 = Release|Win32
	EndGlobalSection
	GlobalSection(SolutionProperties) = preSolution
		HideSolutionNode = FALSE
	EndGlobalSection
	GlobalSection(ExtensibilityGlobals) = postSolution
		SolutionGuid = {A34F1AD5-2E0F-4ABF-A814-468AC450A510}
	EndGlobalSection
EndGlobal
